PODS:
  - InputBarAccessoryView (4.3.2):
    - InputBarAccessoryView/Core (= 4.3.2)
  - InputBarAccessoryView/Core (4.3.2)
  - LetterAvatarKit (1.2.3)
  - M13ProgressSuite (1.2.9)
  - MessageKit (3.1.0):
    - InputBarAccessoryView (~> 4.3.0)
  - OneSignal (2.13.1)
  - Socket.IO-Client-Swift (15.2.0):
    - Starscream (~> 3.1)
  - Starscream (3.1.1)
  - SwiftMessages (7.0.1):
    - SwiftMessages/App (= 7.0.1)
  - SwiftMessages/App (7.0.1)
  - SwiftOverlays (5.0.1)

DEPENDENCIES:
  - LetterAvatarKit
  - M13ProgressSuite
  - MessageKit
  - OneSignal
  - Socket.IO-Client-Swift
  - SwiftMessages
  - SwiftOverlays

SPEC REPOS:
  trunk:
    - InputBarAccessoryView
    - LetterAvatarKit
    - M13ProgressSuite
    - MessageKit
    - OneSignal
    - Socket.IO-Client-Swift
    - Starscream
    - SwiftMessages
    - SwiftOverlays

SPEC CHECKSUMS:
  InputBarAccessoryView: 7985d418040a05fe894bd4b8328dd43ab35517c3
  LetterAvatarKit: f1c77efaae125a6f39e15210847eeefed57ad204
  M13ProgressSuite: ea9f7263e73e9215e6849dfa54e29ee0ad6a145c
  MessageKit: 3beb578737a5aa2bba25cc27c7b6d6faa09af5a7
  OneSignal: fa98eaa90372bb367b6a4a1c1622ffb9832c7600
  Socket.IO-Client-Swift: 1e3e3a1f09f3312a167f0d781eb2f383d477357c
  Starscream: 4bb2f9942274833f7b4d296a55504dcfc7edb7b0
  SwiftMessages: b577dc7043be8b299857ab35bb663dbff6483bd0
  SwiftOverlays: ab459ea9194b0e96aaccaa00e9ead1bf6d46eef1

PODFILE CHECKSUM: ddaa430e85e5ed9a03a1eb0b41a0d0727115d20b

COCOAPODS: 1.9.1
