// !$*UTF8*$!
{
	archiveVersion = 1;
	classes = {
	};
	objectVersion = 51;
	objects = {

/* Begin PBXBuildFile section */
		8420BF2C11DAAAF3895CEA29 /* Pods_Pokoro_Customer.framework in Frameworks */ = {isa = PBXBuildFile; fileRef = 01F78620F4A4FDE8E3D7F46E /* Pods_Pokoro_Customer.framework */; };
		B61EA9B123BA1A6D001516D7 /* PKNavBarView.swift in Sources */ = {isa = PBXBuildFile; fileRef = B61EA9B023BA1A6D001516D7 /* PKNavBarView.swift */; };
		B61EA9B423BA1E48001516D7 /* InboxViewController.swift in Sources */ = {isa = PBXBuildFile; fileRef = B61EA9B323BA1E48001516D7 /* InboxViewController.swift */; };
		B61EA9B823BA227F001516D7 /* MessageTableViewCell.swift in Sources */ = {isa = PBXBuildFile; fileRef = B61EA9B723BA227F001516D7 /* MessageTableViewCell.swift */; };
		B6500BBC23AE220000D20BAB /* LargeRegular.swift in Sources */ = {isa = PBXBuildFile; fileRef = B6500BB223AE220000D20BAB /* LargeRegular.swift */; };
		B6500BBD23AE220000D20BAB /* H2.swift in Sources */ = {isa = PBXBuildFile; fileRef = B6500BB323AE220000D20BAB /* H2.swift */; };
		B6500BBE23AE220000D20BAB /* MediumRegular.swift in Sources */ = {isa = PBXBuildFile; fileRef = B6500BB423AE220000D20BAB /* MediumRegular.swift */; };
		B6500BBF23AE220000D20BAB /* SmallSB.swift in Sources */ = {isa = PBXBuildFile; fileRef = B6500BB523AE220000D20BAB /* SmallSB.swift */; };
		B6500BC023AE220000D20BAB /* H1.swift in Sources */ = {isa = PBXBuildFile; fileRef = B6500BB623AE220000D20BAB /* H1.swift */; };
		B6500BC123AE220000D20BAB /* SmallRegular.swift in Sources */ = {isa = PBXBuildFile; fileRef = B6500BB723AE220000D20BAB /* SmallRegular.swift */; };
		B6500BC223AE220000D20BAB /* MediumSB.swift in Sources */ = {isa = PBXBuildFile; fileRef = B6500BB823AE220000D20BAB /* MediumSB.swift */; };
		B6500BC323AE220000D20BAB /* LargeLight.swift in Sources */ = {isa = PBXBuildFile; fileRef = B6500BB923AE220000D20BAB /* LargeLight.swift */; };
		B6500BC423AE220000D20BAB /* MediumLight.swift in Sources */ = {isa = PBXBuildFile; fileRef = B6500BBA23AE220000D20BAB /* MediumLight.swift */; };
		B6500BC523AE220000D20BAB /* LargeSB.swift in Sources */ = {isa = PBXBuildFile; fileRef = B6500BBB23AE220000D20BAB /* LargeSB.swift */; };
		B655882123A7D6A00056FD38 /* SceneDelegateRouter.swift in Sources */ = {isa = PBXBuildFile; fileRef = B655882023A7D6A00056FD38 /* SceneDelegateRouter.swift */; };
		B655882323A7D7230056FD38 /* Routers.swift in Sources */ = {isa = PBXBuildFile; fileRef = B655882223A7D7230056FD38 /* Routers.swift */; };
		B655882523A7DA680056FD38 /* Coordinator.swift in Sources */ = {isa = PBXBuildFile; fileRef = B655882423A7DA680056FD38 /* Coordinator.swift */; };
		B655882823A7DC780056FD38 /* UIApplication+SwitchRoot.swift in Sources */ = {isa = PBXBuildFile; fileRef = B655882723A7DC780056FD38 /* UIApplication+SwitchRoot.swift */; };
		B655882A23A7DF650056FD38 /* AuthenticationCoordinator.swift in Sources */ = {isa = PBXBuildFile; fileRef = B655882923A7DF650056FD38 /* AuthenticationCoordinator.swift */; };
		B655882D23A7E0160056FD38 /* PKUserManager.swift in Sources */ = {isa = PBXBuildFile; fileRef = B655882C23A7E0160056FD38 /* PKUserManager.swift */; };
		B655883023A7E0920056FD38 /* LoginViewController.swift in Sources */ = {isa = PBXBuildFile; fileRef = B655882F23A7E0920056FD38 /* LoginViewController.swift */; };
		B6659E0D23BF93CA006E66E5 /* MessageViewController.swift in Sources */ = {isa = PBXBuildFile; fileRef = B6659E0C23BF93CA006E66E5 /* MessageViewController.swift */; };
		B6659E0F23BF9517006E66E5 /* InboxNavigationViewController.swift in Sources */ = {isa = PBXBuildFile; fileRef = B6659E0E23BF9517006E66E5 /* InboxNavigationViewController.swift */; };
		B66A3CF823AA982300916C95 /* Logger.swift in Sources */ = {isa = PBXBuildFile; fileRef = B66A3CF623AA982300916C95 /* Logger.swift */; };
		B66A3CF923AA982300916C95 /* LogEvent.swift in Sources */ = {isa = PBXBuildFile; fileRef = B66A3CF723AA982300916C95 /* LogEvent.swift */; };
		B66A3CFB23AA987A00916C95 /* Date+toString.swift in Sources */ = {isa = PBXBuildFile; fileRef = B66A3CFA23AA987A00916C95 /* Date+toString.swift */; };
		B66A3CFE23AA9ACA00916C95 /* Theme.swift in Sources */ = {isa = PBXBuildFile; fileRef = B66A3CFD23AA9ACA00916C95 /* Theme.swift */; };
		B66A3D0023AA9B1A00916C95 /* ThemeManager.swift in Sources */ = {isa = PBXBuildFile; fileRef = B66A3CFF23AA9B1A00916C95 /* ThemeManager.swift */; };
		B66A3D0223AA9E1900916C95 /* Colors.swift in Sources */ = {isa = PBXBuildFile; fileRef = B66A3D0123AA9E1900916C95 /* Colors.swift */; };
		B66A3D0423AA9EDD00916C95 /* LightTheme.swift in Sources */ = {isa = PBXBuildFile; fileRef = B66A3D0323AA9EDD00916C95 /* LightTheme.swift */; };
		B66DE2B023C37B3A00BF6639 /* OutgoingMessageTableViewCell.swift in Sources */ = {isa = PBXBuildFile; fileRef = B66DE2AF23C37B3A00BF6639 /* OutgoingMessageTableViewCell.swift */; };
		B66DE2B323C37B5400BF6639 /* IncomingMessageTableViewCell.swift in Sources */ = {isa = PBXBuildFile; fileRef = B66DE2B223C37B5400BF6639 /* IncomingMessageTableViewCell.swift */; };
		B66DE2B523C37C5D00BF6639 /* PKChatBubble.swift in Sources */ = {isa = PBXBuildFile; fileRef = B66DE2B423C37C5D00BF6639 /* PKChatBubble.swift */; };
		B66DE2B823C3868100BF6639 /* ScannerViewController.swift in Sources */ = {isa = PBXBuildFile; fileRef = B66DE2B723C3868100BF6639 /* ScannerViewController.swift */; };
		B66DE2BB23C38D7900BF6639 /* ProfileViewController.swift in Sources */ = {isa = PBXBuildFile; fileRef = B66DE2BA23C38D7900BF6639 /* ProfileViewController.swift */; };
		B66DE2C023C38ED000BF6639 /* ProfileActionTableViewCell.swift in Sources */ = {isa = PBXBuildFile; fileRef = B66DE2BE23C38ED000BF6639 /* ProfileActionTableViewCell.swift */; };
		B66DE2C123C38ED000BF6639 /* ProfileHeaderTableViewCell.swift in Sources */ = {isa = PBXBuildFile; fileRef = B66DE2BF23C38ED000BF6639 /* ProfileHeaderTableViewCell.swift */; };
		B68FA4C523A7D10200672E00 /* AppDelegate.swift in Sources */ = {isa = PBXBuildFile; fileRef = B68FA4C423A7D10200672E00 /* AppDelegate.swift */; };
		B68FA4C723A7D10200672E00 /* SceneDelegate.swift in Sources */ = {isa = PBXBuildFile; fileRef = B68FA4C623A7D10200672E00 /* SceneDelegate.swift */; };
		B68FA4C923A7D10200672E00 /* ViewController.swift in Sources */ = {isa = PBXBuildFile; fileRef = B68FA4C823A7D10200672E00 /* ViewController.swift */; };
		B68FA4CE23A7D10400672E00 /* Assets.xcassets in Resources */ = {isa = PBXBuildFile; fileRef = B68FA4CD23A7D10400672E00 /* Assets.xcassets */; };
		B68FA4D123A7D10400672E00 /* LaunchScreen.storyboard in Resources */ = {isa = PBXBuildFile; fileRef = B68FA4CF23A7D10400672E00 /* LaunchScreen.storyboard */; };
		B6A445F223C34C7600E64029 /* PKChatTextFieldView.swift in Sources */ = {isa = PBXBuildFile; fileRef = B6A445F123C34C7600E64029 /* PKChatTextFieldView.swift */; };
		B6CF148F23ABD34300D330FD /* SF-Pro-Display-Light.otf in Resources */ = {isa = PBXBuildFile; fileRef = B6CF148C23ABD34300D330FD /* SF-Pro-Display-Light.otf */; };
		B6CF149023ABD34300D330FD /* SF-Pro-Display-Regular.otf in Resources */ = {isa = PBXBuildFile; fileRef = B6CF148D23ABD34300D330FD /* SF-Pro-Display-Regular.otf */; };
		B6CF149123ABD34300D330FD /* SF-Pro-Display-Semibold.otf in Resources */ = {isa = PBXBuildFile; fileRef = B6CF148E23ABD34300D330FD /* SF-Pro-Display-Semibold.otf */; };
		B6CF149423ABD36000D330FD /* PKFonts.swift in Sources */ = {isa = PBXBuildFile; fileRef = B6CF149323ABD36000D330FD /* PKFonts.swift */; };
		B6CF14AF23ABD59300D330FD /* ParameterEncoding.swift in Sources */ = {isa = PBXBuildFile; fileRef = B6CF149723ABD59300D330FD /* ParameterEncoding.swift */; };
		B6CF14B023ABD59300D330FD /* URLParametersEncoder.swift in Sources */ = {isa = PBXBuildFile; fileRef = B6CF149823ABD59300D330FD /* URLParametersEncoder.swift */; };
		B6CF14B123ABD59300D330FD /* JSONParameterEncoder.swift in Sources */ = {isa = PBXBuildFile; fileRef = B6CF149923ABD59300D330FD /* JSONParameterEncoder.swift */; };
		B6CF14B223ABD59300D330FD /* NetworkError.swift in Sources */ = {isa = PBXBuildFile; fileRef = B6CF149A23ABD59300D330FD /* NetworkError.swift */; };
		B6CF14B323ABD59300D330FD /* NetworkManager.swift in Sources */ = {isa = PBXBuildFile; fileRef = B6CF149C23ABD59300D330FD /* NetworkManager.swift */; };
		B6CF14B423ABD59300D330FD /* RKEndPoint.swift in Sources */ = {isa = PBXBuildFile; fileRef = B6CF149E23ABD59300D330FD /* RKEndPoint.swift */; };
		B6CF14B523ABD59300D330FD /* NetworkRouter.swift in Sources */ = {isa = PBXBuildFile; fileRef = B6CF14A023ABD59300D330FD /* NetworkRouter.swift */; };
		B6CF14B623ABD59300D330FD /* HTTPTask.swift in Sources */ = {isa = PBXBuildFile; fileRef = B6CF14A123ABD59300D330FD /* HTTPTask.swift */; };
		B6CF14B723ABD59300D330FD /* HTTPMethod.swift in Sources */ = {isa = PBXBuildFile; fileRef = B6CF14A223ABD59300D330FD /* HTTPMethod.swift */; };
		B6CF14B823ABD59300D330FD /* Router.swift in Sources */ = {isa = PBXBuildFile; fileRef = B6CF14A323ABD59300D330FD /* Router.swift */; };
		B6CF14B923ABD59300D330FD /* NetworkLogger.swift in Sources */ = {isa = PBXBuildFile; fileRef = B6CF14A423ABD59300D330FD /* NetworkLogger.swift */; };
		B6CF14BA23ABD59300D330FD /* EndPointType.swift in Sources */ = {isa = PBXBuildFile; fileRef = B6CF14A523ABD59300D330FD /* EndPointType.swift */; };
		B6CF14BB23ABD59300D330FD /* ErrorBusinessModel.swift in Sources */ = {isa = PBXBuildFile; fileRef = B6CF14A823ABD59300D330FD /* ErrorBusinessModel.swift */; };
		B6CF14BC23ABD59300D330FD /* LoginBusinessModel.swift in Sources */ = {isa = PBXBuildFile; fileRef = B6CF14AA23ABD59300D330FD /* LoginBusinessModel.swift */; };
		B6CF14BD23ABD59300D330FD /* Localizable.strings in Resources */ = {isa = PBXBuildFile; fileRef = B6CF14AC23ABD59300D330FD /* Localizable.strings */; };
		B6CF14C123ACCDC800D330FD /* Text+Localize.swift in Sources */ = {isa = PBXBuildFile; fileRef = B6CF14BE23ACCDC800D330FD /* Text+Localize.swift */; };
		B6CF14C223ACCDC800D330FD /* String+Regex.swift in Sources */ = {isa = PBXBuildFile; fileRef = B6CF14BF23ACCDC800D330FD /* String+Regex.swift */; };
		B6CF14C323ACCDC800D330FD /* Formatter+ios8601.swift in Sources */ = {isa = PBXBuildFile; fileRef = B6CF14C023ACCDC800D330FD /* Formatter+ios8601.swift */; };
		B6E20BE423AE56F2003CD0E7 /* KeychainItem.swift in Sources */ = {isa = PBXBuildFile; fileRef = B6E20BE323AE56F2003CD0E7 /* KeychainItem.swift */; };
		B6EAC3C523B242BC0073D55F /* MainTabBarViewController.swift in Sources */ = {isa = PBXBuildFile; fileRef = B6EAC3C423B242BC0073D55F /* MainTabBarViewController.swift */; };
		B6EAC3CC23B250430073D55F /* DarkTheme.swift in Sources */ = {isa = PBXBuildFile; fileRef = B6EAC3CB23B250430073D55F /* DarkTheme.swift */; };
		B6F68BD023AE26E7002C2A81 /* UIView+SafeArea.swift in Sources */ = {isa = PBXBuildFile; fileRef = B6F68BCF23AE26E7002C2A81 /* UIView+SafeArea.swift */; };
/* End PBXBuildFile section */

/* Begin PBXFileReference section */
		01F78620F4A4FDE8E3D7F46E /* Pods_Pokoro_Customer.framework */ = {isa = PBXFileReference; explicitFileType = wrapper.framework; includeInIndex = 0; path = Pods_Pokoro_Customer.framework; sourceTree = BUILT_PRODUCTS_DIR; };
		1D4DE833D26DD341D674456F /* Pods-Pokoro_Customer.debug.xcconfig */ = {isa = PBXFileReference; includeInIndex = 1; lastKnownFileType = text.xcconfig; name = "Pods-Pokoro_Customer.debug.xcconfig"; path = "Target Support Files/Pods-Pokoro_Customer/Pods-Pokoro_Customer.debug.xcconfig"; sourceTree = "<group>"; };
		90C0B15D1D4EC7026B2236F8 /* Pods-Pokoro_Customer.release.xcconfig */ = {isa = PBXFileReference; includeInIndex = 1; lastKnownFileType = text.xcconfig; name = "Pods-Pokoro_Customer.release.xcconfig"; path = "Target Support Files/Pods-Pokoro_Customer/Pods-Pokoro_Customer.release.xcconfig"; sourceTree = "<group>"; };
		B61EA9B023BA1A6D001516D7 /* PKNavBarView.swift */ = {isa = PBXFileReference; lastKnownFileType = sourcecode.swift; path = PKNavBarView.swift; sourceTree = "<group>"; };
		B61EA9B323BA1E48001516D7 /* InboxViewController.swift */ = {isa = PBXFileReference; lastKnownFileType = sourcecode.swift; path = InboxViewController.swift; sourceTree = "<group>"; };
		B61EA9B723BA227F001516D7 /* MessageTableViewCell.swift */ = {isa = PBXFileReference; lastKnownFileType = sourcecode.swift; path = MessageTableViewCell.swift; sourceTree = "<group>"; };
		B6500BB223AE220000D20BAB /* LargeRegular.swift */ = {isa = PBXFileReference; fileEncoding = 4; lastKnownFileType = sourcecode.swift; path = LargeRegular.swift; sourceTree = "<group>"; };
		B6500BB323AE220000D20BAB /* H2.swift */ = {isa = PBXFileReference; fileEncoding = 4; lastKnownFileType = sourcecode.swift; path = H2.swift; sourceTree = "<group>"; };
		B6500BB423AE220000D20BAB /* MediumRegular.swift */ = {isa = PBXFileReference; fileEncoding = 4; lastKnownFileType = sourcecode.swift; path = MediumRegular.swift; sourceTree = "<group>"; };
		B6500BB523AE220000D20BAB /* SmallSB.swift */ = {isa = PBXFileReference; fileEncoding = 4; lastKnownFileType = sourcecode.swift; path = SmallSB.swift; sourceTree = "<group>"; };
		B6500BB623AE220000D20BAB /* H1.swift */ = {isa = PBXFileReference; fileEncoding = 4; lastKnownFileType = sourcecode.swift; path = H1.swift; sourceTree = "<group>"; };
		B6500BB723AE220000D20BAB /* SmallRegular.swift */ = {isa = PBXFileReference; fileEncoding = 4; lastKnownFileType = sourcecode.swift; path = SmallRegular.swift; sourceTree = "<group>"; };
		B6500BB823AE220000D20BAB /* MediumSB.swift */ = {isa = PBXFileReference; fileEncoding = 4; lastKnownFileType = sourcecode.swift; path = MediumSB.swift; sourceTree = "<group>"; };
		B6500BB923AE220000D20BAB /* LargeLight.swift */ = {isa = PBXFileReference; fileEncoding = 4; lastKnownFileType = sourcecode.swift; path = LargeLight.swift; sourceTree = "<group>"; };
		B6500BBA23AE220000D20BAB /* MediumLight.swift */ = {isa = PBXFileReference; fileEncoding = 4; lastKnownFileType = sourcecode.swift; path = MediumLight.swift; sourceTree = "<group>"; };
		B6500BBB23AE220000D20BAB /* LargeSB.swift */ = {isa = PBXFileReference; fileEncoding = 4; lastKnownFileType = sourcecode.swift; path = LargeSB.swift; sourceTree = "<group>"; };
		B655882023A7D6A00056FD38 /* SceneDelegateRouter.swift */ = {isa = PBXFileReference; lastKnownFileType = sourcecode.swift; path = SceneDelegateRouter.swift; sourceTree = "<group>"; };
		B655882223A7D7230056FD38 /* Routers.swift */ = {isa = PBXFileReference; lastKnownFileType = sourcecode.swift; path = Routers.swift; sourceTree = "<group>"; };
		B655882423A7DA680056FD38 /* Coordinator.swift */ = {isa = PBXFileReference; lastKnownFileType = sourcecode.swift; path = Coordinator.swift; sourceTree = "<group>"; };
		B655882723A7DC780056FD38 /* UIApplication+SwitchRoot.swift */ = {isa = PBXFileReference; lastKnownFileType = sourcecode.swift; path = "UIApplication+SwitchRoot.swift"; sourceTree = "<group>"; };
		B655882923A7DF650056FD38 /* AuthenticationCoordinator.swift */ = {isa = PBXFileReference; lastKnownFileType = sourcecode.swift; path = AuthenticationCoordinator.swift; sourceTree = "<group>"; };
		B655882C23A7E0160056FD38 /* PKUserManager.swift */ = {isa = PBXFileReference; lastKnownFileType = sourcecode.swift; path = PKUserManager.swift; sourceTree = "<group>"; };
		B655882F23A7E0920056FD38 /* LoginViewController.swift */ = {isa = PBXFileReference; lastKnownFileType = sourcecode.swift; path = LoginViewController.swift; sourceTree = "<group>"; };
		B6659E0C23BF93CA006E66E5 /* MessageViewController.swift */ = {isa = PBXFileReference; lastKnownFileType = sourcecode.swift; path = MessageViewController.swift; sourceTree = "<group>"; };
		B6659E0E23BF9517006E66E5 /* InboxNavigationViewController.swift */ = {isa = PBXFileReference; lastKnownFileType = sourcecode.swift; path = InboxNavigationViewController.swift; sourceTree = "<group>"; };
		B66A3CF623AA982300916C95 /* Logger.swift */ = {isa = PBXFileReference; fileEncoding = 4; lastKnownFileType = sourcecode.swift; path = Logger.swift; sourceTree = "<group>"; };
		B66A3CF723AA982300916C95 /* LogEvent.swift */ = {isa = PBXFileReference; fileEncoding = 4; lastKnownFileType = sourcecode.swift; path = LogEvent.swift; sourceTree = "<group>"; };
		B66A3CFA23AA987A00916C95 /* Date+toString.swift */ = {isa = PBXFileReference; lastKnownFileType = sourcecode.swift; path = "Date+toString.swift"; sourceTree = "<group>"; };
		B66A3CFD23AA9ACA00916C95 /* Theme.swift */ = {isa = PBXFileReference; lastKnownFileType = sourcecode.swift; path = Theme.swift; sourceTree = "<group>"; };
		B66A3CFF23AA9B1A00916C95 /* ThemeManager.swift */ = {isa = PBXFileReference; lastKnownFileType = sourcecode.swift; path = ThemeManager.swift; sourceTree = "<group>"; };
		B66A3D0123AA9E1900916C95 /* Colors.swift */ = {isa = PBXFileReference; lastKnownFileType = sourcecode.swift; path = Colors.swift; sourceTree = "<group>"; };
		B66A3D0323AA9EDD00916C95 /* LightTheme.swift */ = {isa = PBXFileReference; lastKnownFileType = sourcecode.swift; path = LightTheme.swift; sourceTree = "<group>"; };
		B66DE2AF23C37B3A00BF6639 /* OutgoingMessageTableViewCell.swift */ = {isa = PBXFileReference; lastKnownFileType = sourcecode.swift; path = OutgoingMessageTableViewCell.swift; sourceTree = "<group>"; };
		B66DE2B223C37B5400BF6639 /* IncomingMessageTableViewCell.swift */ = {isa = PBXFileReference; lastKnownFileType = sourcecode.swift; path = IncomingMessageTableViewCell.swift; sourceTree = "<group>"; };
		B66DE2B423C37C5D00BF6639 /* PKChatBubble.swift */ = {isa = PBXFileReference; lastKnownFileType = sourcecode.swift; path = PKChatBubble.swift; sourceTree = "<group>"; };
		B66DE2B723C3868100BF6639 /* ScannerViewController.swift */ = {isa = PBXFileReference; lastKnownFileType = sourcecode.swift; path = ScannerViewController.swift; sourceTree = "<group>"; };
		B66DE2BA23C38D7900BF6639 /* ProfileViewController.swift */ = {isa = PBXFileReference; lastKnownFileType = sourcecode.swift; path = ProfileViewController.swift; sourceTree = "<group>"; };
		B66DE2BE23C38ED000BF6639 /* ProfileActionTableViewCell.swift */ = {isa = PBXFileReference; fileEncoding = 4; lastKnownFileType = sourcecode.swift; path = ProfileActionTableViewCell.swift; sourceTree = "<group>"; };
		B66DE2BF23C38ED000BF6639 /* ProfileHeaderTableViewCell.swift */ = {isa = PBXFileReference; fileEncoding = 4; lastKnownFileType = sourcecode.swift; path = ProfileHeaderTableViewCell.swift; sourceTree = "<group>"; };
		B68FA4C123A7D10200672E00 /* Pokoro.app */ = {isa = PBXFileReference; explicitFileType = wrapper.application; includeInIndex = 0; path = Pokoro.app; sourceTree = BUILT_PRODUCTS_DIR; };
		B68FA4C423A7D10200672E00 /* AppDelegate.swift */ = {isa = PBXFileReference; lastKnownFileType = sourcecode.swift; path = AppDelegate.swift; sourceTree = "<group>"; };
		B68FA4C623A7D10200672E00 /* SceneDelegate.swift */ = {isa = PBXFileReference; lastKnownFileType = sourcecode.swift; path = SceneDelegate.swift; sourceTree = "<group>"; };
		B68FA4C823A7D10200672E00 /* ViewController.swift */ = {isa = PBXFileReference; lastKnownFileType = sourcecode.swift; path = ViewController.swift; sourceTree = "<group>"; };
		B68FA4CD23A7D10400672E00 /* Assets.xcassets */ = {isa = PBXFileReference; lastKnownFileType = folder.assetcatalog; path = Assets.xcassets; sourceTree = "<group>"; };
		B68FA4D023A7D10400672E00 /* Base */ = {isa = PBXFileReference; lastKnownFileType = file.storyboard; name = Base; path = Base.lproj/LaunchScreen.storyboard; sourceTree = "<group>"; };
		B68FA4D223A7D10400672E00 /* Info.plist */ = {isa = PBXFileReference; lastKnownFileType = text.plist.xml; path = Info.plist; sourceTree = "<group>"; };
		B6A445F123C34C7600E64029 /* PKChatTextFieldView.swift */ = {isa = PBXFileReference; lastKnownFileType = sourcecode.swift; path = PKChatTextFieldView.swift; sourceTree = "<group>"; };
		B6CF148C23ABD34300D330FD /* SF-Pro-Display-Light.otf */ = {isa = PBXFileReference; lastKnownFileType = file; path = "SF-Pro-Display-Light.otf"; sourceTree = "<group>"; };
		B6CF148D23ABD34300D330FD /* SF-Pro-Display-Regular.otf */ = {isa = PBXFileReference; lastKnownFileType = file; path = "SF-Pro-Display-Regular.otf"; sourceTree = "<group>"; };
		B6CF148E23ABD34300D330FD /* SF-Pro-Display-Semibold.otf */ = {isa = PBXFileReference; lastKnownFileType = file; path = "SF-Pro-Display-Semibold.otf"; sourceTree = "<group>"; };
		B6CF149323ABD36000D330FD /* PKFonts.swift */ = {isa = PBXFileReference; fileEncoding = 4; lastKnownFileType = sourcecode.swift; path = PKFonts.swift; sourceTree = "<group>"; };
		B6CF149723ABD59300D330FD /* ParameterEncoding.swift */ = {isa = PBXFileReference; fileEncoding = 4; lastKnownFileType = sourcecode.swift; path = ParameterEncoding.swift; sourceTree = "<group>"; };
		B6CF149823ABD59300D330FD /* URLParametersEncoder.swift */ = {isa = PBXFileReference; fileEncoding = 4; lastKnownFileType = sourcecode.swift; path = URLParametersEncoder.swift; sourceTree = "<group>"; };
		B6CF149923ABD59300D330FD /* JSONParameterEncoder.swift */ = {isa = PBXFileReference; fileEncoding = 4; lastKnownFileType = sourcecode.swift; path = JSONParameterEncoder.swift; sourceTree = "<group>"; };
		B6CF149A23ABD59300D330FD /* NetworkError.swift */ = {isa = PBXFileReference; fileEncoding = 4; lastKnownFileType = sourcecode.swift; path = NetworkError.swift; sourceTree = "<group>"; };
		B6CF149C23ABD59300D330FD /* NetworkManager.swift */ = {isa = PBXFileReference; fileEncoding = 4; lastKnownFileType = sourcecode.swift; path = NetworkManager.swift; sourceTree = "<group>"; };
		B6CF149E23ABD59300D330FD /* RKEndPoint.swift */ = {isa = PBXFileReference; fileEncoding = 4; lastKnownFileType = sourcecode.swift; path = RKEndPoint.swift; sourceTree = "<group>"; };
		B6CF14A023ABD59300D330FD /* NetworkRouter.swift */ = {isa = PBXFileReference; fileEncoding = 4; lastKnownFileType = sourcecode.swift; path = NetworkRouter.swift; sourceTree = "<group>"; };
		B6CF14A123ABD59300D330FD /* HTTPTask.swift */ = {isa = PBXFileReference; fileEncoding = 4; lastKnownFileType = sourcecode.swift; path = HTTPTask.swift; sourceTree = "<group>"; };
		B6CF14A223ABD59300D330FD /* HTTPMethod.swift */ = {isa = PBXFileReference; fileEncoding = 4; lastKnownFileType = sourcecode.swift; path = HTTPMethod.swift; sourceTree = "<group>"; };
		B6CF14A323ABD59300D330FD /* Router.swift */ = {isa = PBXFileReference; fileEncoding = 4; lastKnownFileType = sourcecode.swift; path = Router.swift; sourceTree = "<group>"; };
		B6CF14A423ABD59300D330FD /* NetworkLogger.swift */ = {isa = PBXFileReference; fileEncoding = 4; lastKnownFileType = sourcecode.swift; path = NetworkLogger.swift; sourceTree = "<group>"; };
		B6CF14A523ABD59300D330FD /* EndPointType.swift */ = {isa = PBXFileReference; fileEncoding = 4; lastKnownFileType = sourcecode.swift; path = EndPointType.swift; sourceTree = "<group>"; };
		B6CF14A823ABD59300D330FD /* ErrorBusinessModel.swift */ = {isa = PBXFileReference; fileEncoding = 4; lastKnownFileType = sourcecode.swift; path = ErrorBusinessModel.swift; sourceTree = "<group>"; };
		B6CF14AA23ABD59300D330FD /* LoginBusinessModel.swift */ = {isa = PBXFileReference; fileEncoding = 4; lastKnownFileType = sourcecode.swift; path = LoginBusinessModel.swift; sourceTree = "<group>"; };
		B6CF14AD23ABD59300D330FD /* en */ = {isa = PBXFileReference; lastKnownFileType = text.plist.strings; name = en; path = en.lproj/Localizable.strings; sourceTree = "<group>"; };
		B6CF14AE23ABD59300D330FD /* lt */ = {isa = PBXFileReference; lastKnownFileType = text.plist.strings; name = lt; path = lt.lproj/Localizable.strings; sourceTree = "<group>"; };
		B6CF14BE23ACCDC800D330FD /* Text+Localize.swift */ = {isa = PBXFileReference; fileEncoding = 4; lastKnownFileType = sourcecode.swift; path = "Text+Localize.swift"; sourceTree = "<group>"; };
		B6CF14BF23ACCDC800D330FD /* String+Regex.swift */ = {isa = PBXFileReference; fileEncoding = 4; lastKnownFileType = sourcecode.swift; path = "String+Regex.swift"; sourceTree = "<group>"; };
		B6CF14C023ACCDC800D330FD /* Formatter+ios8601.swift */ = {isa = PBXFileReference; fileEncoding = 4; lastKnownFileType = sourcecode.swift; path = "Formatter+ios8601.swift"; sourceTree = "<group>"; };
		B6E20BE123AE4E77003CD0E7 /* Pokoro.entitlements */ = {isa = PBXFileReference; lastKnownFileType = text.plist.entitlements; path = Pokoro.entitlements; sourceTree = "<group>"; };
		B6E20BE323AE56F2003CD0E7 /* KeychainItem.swift */ = {isa = PBXFileReference; fileEncoding = 4; lastKnownFileType = sourcecode.swift; path = KeychainItem.swift; sourceTree = "<group>"; };
		B6EAC3C423B242BC0073D55F /* MainTabBarViewController.swift */ = {isa = PBXFileReference; lastKnownFileType = sourcecode.swift; path = MainTabBarViewController.swift; sourceTree = "<group>"; };
		B6EAC3CB23B250430073D55F /* DarkTheme.swift */ = {isa = PBXFileReference; lastKnownFileType = sourcecode.swift; path = DarkTheme.swift; sourceTree = "<group>"; };
		B6F68BCF23AE26E7002C2A81 /* UIView+SafeArea.swift */ = {isa = PBXFileReference; fileEncoding = 4; lastKnownFileType = sourcecode.swift; path = "UIView+SafeArea.swift"; sourceTree = "<group>"; };
/* End PBXFileReference section */

/* Begin PBXFrameworksBuildPhase section */
		B68FA4BE23A7D10200672E00 /* Frameworks */ = {
			isa = PBXFrameworksBuildPhase;
			buildActionMask = 2147483647;
			files = (
				8420BF2C11DAAAF3895CEA29 /* Pods_Pokoro_Customer.framework in Frameworks */,
			);
			runOnlyForDeploymentPostprocessing = 0;
		};
/* End PBXFrameworksBuildPhase section */

/* Begin PBXGroup section */
		59DB6879B68E50C43A636E90 /* Pods */ = {
			isa = PBXGroup;
			children = (
				1D4DE833D26DD341D674456F /* Pods-Pokoro_Customer.debug.xcconfig */,
				90C0B15D1D4EC7026B2236F8 /* Pods-Pokoro_Customer.release.xcconfig */,
			);
			path = Pods;
			sourceTree = "<group>";
		};
		B61EA9AF23BA1A3B001516D7 /* NavBars */ = {
			isa = PBXGroup;
			children = (
				B61EA9B023BA1A6D001516D7 /* PKNavBarView.swift */,
			);
			path = NavBars;
			sourceTree = "<group>";
		};
		B61EA9B223BA1E34001516D7 /* Inbox */ = {
			isa = PBXGroup;
			children = (
				B61EA9B323BA1E48001516D7 /* InboxViewController.swift */,
				B6659E0E23BF9517006E66E5 /* InboxNavigationViewController.swift */,
			);
			path = Inbox;
			sourceTree = "<group>";
		};
		B61EA9B523BA2254001516D7 /* Inbox */ = {
			isa = PBXGroup;
			children = (
				B61EA9B623BA2259001516D7 /* Cells */,
			);
			path = Inbox;
			sourceTree = "<group>";
		};
		B61EA9B623BA2259001516D7 /* Cells */ = {
			isa = PBXGroup;
			children = (
				B61EA9B723BA227F001516D7 /* MessageTableViewCell.swift */,
			);
			path = Cells;
			sourceTree = "<group>";
		};
		B6500BB123AE220000D20BAB /* Labels */ = {
			isa = PBXGroup;
			children = (
				B6500BB623AE220000D20BAB /* H1.swift */,
				B6500BB323AE220000D20BAB /* H2.swift */,
				B6500BB223AE220000D20BAB /* LargeRegular.swift */,
				B6500BB423AE220000D20BAB /* MediumRegular.swift */,
				B6500BB523AE220000D20BAB /* SmallSB.swift */,
				B6500BB723AE220000D20BAB /* SmallRegular.swift */,
				B6500BB823AE220000D20BAB /* MediumSB.swift */,
				B6500BB923AE220000D20BAB /* LargeLight.swift */,
				B6500BBA23AE220000D20BAB /* MediumLight.swift */,
				B6500BBB23AE220000D20BAB /* LargeSB.swift */,
			);
			path = Labels;
			sourceTree = "<group>";
		};
		B655881D23A7D5CE0056FD38 /* LaunchScreen */ = {
			isa = PBXGroup;
			children = (
				B68FA4CF23A7D10400672E00 /* LaunchScreen.storyboard */,
			);
			path = LaunchScreen;
			sourceTree = "<group>";
		};
		B655881E23A7D6720056FD38 /* Coordinators */ = {
			isa = PBXGroup;
			children = (
				B655882423A7DA680056FD38 /* Coordinator.swift */,
				B655882923A7DF650056FD38 /* AuthenticationCoordinator.swift */,
			);
			path = Coordinators;
			sourceTree = "<group>";
		};
		B655881F23A7D6840056FD38 /* Routers */ = {
			isa = PBXGroup;
			children = (
				B655882023A7D6A00056FD38 /* SceneDelegateRouter.swift */,
				B655882223A7D7230056FD38 /* Routers.swift */,
			);
			path = Routers;
			sourceTree = "<group>";
		};
		B655882623A7DC010056FD38 /* Extensions */ = {
			isa = PBXGroup;
			children = (
				B6F68BCF23AE26E7002C2A81 /* UIView+SafeArea.swift */,
				B6CF14C023ACCDC800D330FD /* Formatter+ios8601.swift */,
				B6CF14BF23ACCDC800D330FD /* String+Regex.swift */,
				B6CF14BE23ACCDC800D330FD /* Text+Localize.swift */,
				B655882723A7DC780056FD38 /* UIApplication+SwitchRoot.swift */,
			);
			path = Extensions;
			sourceTree = "<group>";
		};
		B655882B23A7E0010056FD38 /* Managers */ = {
			isa = PBXGroup;
			children = (
				B655882C23A7E0160056FD38 /* PKUserManager.swift */,
			);
			path = Managers;
			sourceTree = "<group>";
		};
		B655882E23A7E07C0056FD38 /* Login */ = {
			isa = PBXGroup;
			children = (
				B655882F23A7E0920056FD38 /* LoginViewController.swift */,
			);
			path = Login;
			sourceTree = "<group>";
		};
		B6659E0B23BF9398006E66E5 /* Messages */ = {
			isa = PBXGroup;
			children = (
				B6659E0C23BF93CA006E66E5 /* MessageViewController.swift */,
			);
			path = Messages;
			sourceTree = "<group>";
		};
		B66A3CF523AA982300916C95 /* Logger */ = {
			isa = PBXGroup;
			children = (
				B66A3CF623AA982300916C95 /* Logger.swift */,
				B66A3CF723AA982300916C95 /* LogEvent.swift */,
				B66A3CFA23AA987A00916C95 /* Date+toString.swift */,
			);
			path = Logger;
			sourceTree = "<group>";
		};
		B66A3CFC23AA9AAB00916C95 /* Theme */ = {
			isa = PBXGroup;
			children = (
				B66A3CFD23AA9ACA00916C95 /* Theme.swift */,
				B66A3CFF23AA9B1A00916C95 /* ThemeManager.swift */,
				B66A3D0123AA9E1900916C95 /* Colors.swift */,
				B66A3D0323AA9EDD00916C95 /* LightTheme.swift */,
				B6EAC3CB23B250430073D55F /* DarkTheme.swift */,
			);
			path = Theme;
			sourceTree = "<group>";
		};
		B66DE2B123C37B3D00BF6639 /* Cells */ = {
			isa = PBXGroup;
			children = (
				B66DE2AF23C37B3A00BF6639 /* OutgoingMessageTableViewCell.swift */,
				B66DE2B223C37B5400BF6639 /* IncomingMessageTableViewCell.swift */,
			);
			path = Cells;
			sourceTree = "<group>";
		};
		B66DE2B623C3867200BF6639 /* Scanner */ = {
			isa = PBXGroup;
			children = (
				B66DE2B723C3868100BF6639 /* ScannerViewController.swift */,
			);
			path = Scanner;
			sourceTree = "<group>";
		};
		B66DE2B923C38D6A00BF6639 /* Profile */ = {
			isa = PBXGroup;
			children = (
				B66DE2BA23C38D7900BF6639 /* ProfileViewController.swift */,
			);
			path = Profile;
			sourceTree = "<group>";
		};
		B66DE2BC23C38EB600BF6639 /* Profile */ = {
			isa = PBXGroup;
			children = (
				B66DE2BD23C38EBC00BF6639 /* Cells */,
			);
			path = Profile;
			sourceTree = "<group>";
		};
		B66DE2BD23C38EBC00BF6639 /* Cells */ = {
			isa = PBXGroup;
			children = (
				B66DE2BE23C38ED000BF6639 /* ProfileActionTableViewCell.swift */,
				B66DE2BF23C38ED000BF6639 /* ProfileHeaderTableViewCell.swift */,
			);
			path = Cells;
			sourceTree = "<group>";
		};
		B68E592823A7D470000C04DF /* Models */ = {
			isa = PBXGroup;
			children = (
				B6E20BE223AE56E7003CD0E7 /* KeyChain */,
				B6CF149523ABD59300D330FD /* Network Layer */,
				B6CF14A623ABD59300D330FD /* Rest Models */,
				B6CF14AB23ABD59300D330FD /* Strings */,
				B6CF149223ABD36000D330FD /* Fonts */,
				B66A3CFC23AA9AAB00916C95 /* Theme */,
				B66A3CF523AA982300916C95 /* Logger */,
				B655882B23A7E0010056FD38 /* Managers */,
				B655882623A7DC010056FD38 /* Extensions */,
				B68FA4C423A7D10200672E00 /* AppDelegate.swift */,
				B68FA4C623A7D10200672E00 /* SceneDelegate.swift */,
			);
			path = Models;
			sourceTree = "<group>";
		};
		B68E592923A7D474000C04DF /* Views */ = {
			isa = PBXGroup;
			children = (
				B66DE2BC23C38EB600BF6639 /* Profile */,
				B6A445F023C34C5100E64029 /* Message */,
				B61EA9B523BA2254001516D7 /* Inbox */,
				B61EA9AF23BA1A3B001516D7 /* NavBars */,
				B6500BB123AE220000D20BAB /* Labels */,
				B655881D23A7D5CE0056FD38 /* LaunchScreen */,
			);
			path = Views;
			sourceTree = "<group>";
		};
		B68E592A23A7D477000C04DF /* Controllers */ = {
			isa = PBXGroup;
			children = (
				B66DE2B923C38D6A00BF6639 /* Profile */,
				B66DE2B623C3867200BF6639 /* Scanner */,
				B6659E0B23BF9398006E66E5 /* Messages */,
				B61EA9B223BA1E34001516D7 /* Inbox */,
				B6EAC3C323B242520073D55F /* Tab Bar */,
				B655882E23A7E07C0056FD38 /* Login */,
				B68FA4C823A7D10200672E00 /* ViewController.swift */,
			);
			path = Controllers;
			sourceTree = "<group>";
		};
		B68E592B23A7D48D000C04DF /* Supporting Files */ = {
			isa = PBXGroup;
			children = (
				B6CF148B23ABD34300D330FD /* Fonts */,
				B68FA4CD23A7D10400672E00 /* Assets.xcassets */,
				B68FA4D223A7D10400672E00 /* Info.plist */,
			);
			path = "Supporting Files";
			sourceTree = "<group>";
		};
		B68FA4B823A7D10200672E00 = {
			isa = PBXGroup;
			children = (
				B68FA4C323A7D10200672E00 /* Pokoro_Customer */,
				B68FA4C223A7D10200672E00 /* Products */,
				59DB6879B68E50C43A636E90 /* Pods */,
				D28EF1079F83EEAFD99C5AE2 /* Frameworks */,
			);
			sourceTree = "<group>";
		};
		B68FA4C223A7D10200672E00 /* Products */ = {
			isa = PBXGroup;
			children = (
				B68FA4C123A7D10200672E00 /* Pokoro.app */,
			);
			name = Products;
			sourceTree = "<group>";
		};
		B68FA4C323A7D10200672E00 /* Pokoro_Customer */ = {
			isa = PBXGroup;
			children = (
				B6E20BE123AE4E77003CD0E7 /* Pokoro.entitlements */,
				B655881E23A7D6720056FD38 /* Coordinators */,
				B655881F23A7D6840056FD38 /* Routers */,
				B68E592A23A7D477000C04DF /* Controllers */,
				B68E592923A7D474000C04DF /* Views */,
				B68E592823A7D470000C04DF /* Models */,
				B68E592B23A7D48D000C04DF /* Supporting Files */,
			);
			path = Pokoro_Customer;
			sourceTree = "<group>";
		};
		B6A445F023C34C5100E64029 /* Message */ = {
			isa = PBXGroup;
			children = (
				B66DE2B123C37B3D00BF6639 /* Cells */,
				B6A445F123C34C7600E64029 /* PKChatTextFieldView.swift */,
				B66DE2B423C37C5D00BF6639 /* PKChatBubble.swift */,
			);
			path = Message;
			sourceTree = "<group>";
		};
		B6CF148B23ABD34300D330FD /* Fonts */ = {
			isa = PBXGroup;
			children = (
				B6CF148C23ABD34300D330FD /* SF-Pro-Display-Light.otf */,
				B6CF148D23ABD34300D330FD /* SF-Pro-Display-Regular.otf */,
				B6CF148E23ABD34300D330FD /* SF-Pro-Display-Semibold.otf */,
			);
			path = Fonts;
			sourceTree = "<group>";
		};
		B6CF149223ABD36000D330FD /* Fonts */ = {
			isa = PBXGroup;
			children = (
				B6CF149323ABD36000D330FD /* PKFonts.swift */,
			);
			path = Fonts;
			sourceTree = "<group>";
		};
		B6CF149523ABD59300D330FD /* Network Layer */ = {
			isa = PBXGroup;
			children = (
				B6CF149623ABD59300D330FD /* Encoding */,
				B6CF149B23ABD59300D330FD /* Manager */,
				B6CF149D23ABD59300D330FD /* EndPoint */,
				B6CF149F23ABD59300D330FD /* Service */,
			);
			path = "Network Layer";
			sourceTree = "<group>";
		};
		B6CF149623ABD59300D330FD /* Encoding */ = {
			isa = PBXGroup;
			children = (
				B6CF149723ABD59300D330FD /* ParameterEncoding.swift */,
				B6CF149823ABD59300D330FD /* URLParametersEncoder.swift */,
				B6CF149923ABD59300D330FD /* JSONParameterEncoder.swift */,
				B6CF149A23ABD59300D330FD /* NetworkError.swift */,
			);
			path = Encoding;
			sourceTree = "<group>";
		};
		B6CF149B23ABD59300D330FD /* Manager */ = {
			isa = PBXGroup;
			children = (
				B6CF149C23ABD59300D330FD /* NetworkManager.swift */,
			);
			path = Manager;
			sourceTree = "<group>";
		};
		B6CF149D23ABD59300D330FD /* EndPoint */ = {
			isa = PBXGroup;
			children = (
				B6CF149E23ABD59300D330FD /* RKEndPoint.swift */,
			);
			path = EndPoint;
			sourceTree = "<group>";
		};
		B6CF149F23ABD59300D330FD /* Service */ = {
			isa = PBXGroup;
			children = (
				B6CF14A023ABD59300D330FD /* NetworkRouter.swift */,
				B6CF14A123ABD59300D330FD /* HTTPTask.swift */,
				B6CF14A223ABD59300D330FD /* HTTPMethod.swift */,
				B6CF14A323ABD59300D330FD /* Router.swift */,
				B6CF14A423ABD59300D330FD /* NetworkLogger.swift */,
				B6CF14A523ABD59300D330FD /* EndPointType.swift */,
			);
			path = Service;
			sourceTree = "<group>";
		};
		B6CF14A623ABD59300D330FD /* Rest Models */ = {
			isa = PBXGroup;
			children = (
				B6CF14A723ABD59300D330FD /* Errors */,
				B6CF14A923ABD59300D330FD /* Login */,
			);
			path = "Rest Models";
			sourceTree = "<group>";
		};
		B6CF14A723ABD59300D330FD /* Errors */ = {
			isa = PBXGroup;
			children = (
				B6CF14A823ABD59300D330FD /* ErrorBusinessModel.swift */,
			);
			path = Errors;
			sourceTree = "<group>";
		};
		B6CF14A923ABD59300D330FD /* Login */ = {
			isa = PBXGroup;
			children = (
				B6CF14AA23ABD59300D330FD /* LoginBusinessModel.swift */,
			);
			path = Login;
			sourceTree = "<group>";
		};
		B6CF14AB23ABD59300D330FD /* Strings */ = {
			isa = PBXGroup;
			children = (
				B6CF14AC23ABD59300D330FD /* Localizable.strings */,
			);
			path = Strings;
			sourceTree = "<group>";
		};
		B6E20BE223AE56E7003CD0E7 /* KeyChain */ = {
			isa = PBXGroup;
			children = (
				B6E20BE323AE56F2003CD0E7 /* KeychainItem.swift */,
			);
			path = KeyChain;
			sourceTree = "<group>";
		};
		B6EAC3C323B242520073D55F /* Tab Bar */ = {
			isa = PBXGroup;
			children = (
				B6EAC3C423B242BC0073D55F /* MainTabBarViewController.swift */,
			);
			path = "Tab Bar";
			sourceTree = "<group>";
		};
		D28EF1079F83EEAFD99C5AE2 /* Frameworks */ = {
			isa = PBXGroup;
			children = (
				01F78620F4A4FDE8E3D7F46E /* Pods_Pokoro_Customer.framework */,
			);
			name = Frameworks;
			sourceTree = "<group>";
		};
/* End PBXGroup section */

/* Begin PBXNativeTarget section */
		B68FA4C023A7D10200672E00 /* Pokoro_Customer */ = {
			isa = PBXNativeTarget;
			buildConfigurationList = B68FA4D523A7D10400672E00 /* Build configuration list for PBXNativeTarget "Pokoro_Customer" */;
			buildPhases = (
				EEEAD11B701723891588A069 /* [CP] Check Pods Manifest.lock */,
				B68FA4BD23A7D10200672E00 /* Sources */,
				B68FA4BE23A7D10200672E00 /* Frameworks */,
				B68FA4BF23A7D10200672E00 /* Resources */,
				66C38E69FC5054A363A78D4D /* [CP] Embed Pods Frameworks */,
			);
			buildRules = (
			);
			dependencies = (
			);
			name = Pokoro_Customer;
			productName = Pokoro_Customer;
			productReference = B68FA4C123A7D10200672E00 /* Pokoro.app */;
			productType = "com.apple.product-type.application";
		};
/* End PBXNativeTarget section */

/* Begin PBXProject section */
		B68FA4B923A7D10200672E00 /* Project object */ = {
			isa = PBXProject;
			attributes = {
				LastSwiftUpdateCheck = 1130;
				LastUpgradeCheck = 1130;
				ORGANIZATIONNAME = "Reza Bina";
				TargetAttributes = {
					B68FA4C023A7D10200672E00 = {
						CreatedOnToolsVersion = 11.3;
					};
				};
			};
			buildConfigurationList = B68FA4BC23A7D10200672E00 /* Build configuration list for PBXProject "Pokoro_Customer" */;
			compatibilityVersion = "Xcode 9.3";
			developmentRegion = en;
			hasScannedForEncodings = 0;
			knownRegions = (
				en,
				Base,
				lt,
			);
			mainGroup = B68FA4B823A7D10200672E00;
			productRefGroup = B68FA4C223A7D10200672E00 /* Products */;
			projectDirPath = "";
			projectRoot = "";
			targets = (
				B68FA4C023A7D10200672E00 /* Pokoro_Customer */,
			);
		};
/* End PBXProject section */

/* Begin PBXResourcesBuildPhase section */
		B68FA4BF23A7D10200672E00 /* Resources */ = {
			isa = PBXResourcesBuildPhase;
			buildActionMask = 2147483647;
			files = (
				B68FA4D123A7D10400672E00 /* LaunchScreen.storyboard in Resources */,
				B6CF14BD23ABD59300D330FD /* Localizable.strings in Resources */,
				B6CF148F23ABD34300D330FD /* SF-Pro-Display-Light.otf in Resources */,
				B6CF149123ABD34300D330FD /* SF-Pro-Display-Semibold.otf in Resources */,
				B6CF149023ABD34300D330FD /* SF-Pro-Display-Regular.otf in Resources */,
				B68FA4CE23A7D10400672E00 /* Assets.xcassets in Resources */,
			);
			runOnlyForDeploymentPostprocessing = 0;
		};
/* End PBXResourcesBuildPhase section */

/* Begin PBXShellScriptBuildPhase section */
		66C38E69FC5054A363A78D4D /* [CP] Embed Pods Frameworks */ = {
			isa = PBXShellScriptBuildPhase;
			buildActionMask = 2147483647;
			files = (
			);
			inputFileListPaths = (
				"${PODS_ROOT}/Target Support Files/Pods-Pokoro_Customer/Pods-Pokoro_Customer-frameworks-${CONFIGURATION}-input-files.xcfilelist",
			);
			name = "[CP] Embed Pods Frameworks";
			outputFileListPaths = (
				"${PODS_ROOT}/Target Support Files/Pods-Pokoro_Customer/Pods-Pokoro_Customer-frameworks-${CONFIGURATION}-output-files.xcfilelist",
			);
			runOnlyForDeploymentPostprocessing = 0;
			shellPath = /bin/sh;
			shellScript = "\"${PODS_ROOT}/Target Support Files/Pods-Pokoro_Customer/Pods-Pokoro_Customer-frameworks.sh\"\n";
			showEnvVarsInLog = 0;
		};
		EEEAD11B701723891588A069 /* [CP] Check Pods Manifest.lock */ = {
			isa = PBXShellScriptBuildPhase;
			buildActionMask = 2147483647;
			files = (
			);
			inputFileListPaths = (
			);
			inputPaths = (
				"${PODS_PODFILE_DIR_PATH}/Podfile.lock",
				"${PODS_ROOT}/Manifest.lock",
			);
			name = "[CP] Check Pods Manifest.lock";
			outputFileListPaths = (
			);
			outputPaths = (
				"$(DERIVED_FILE_DIR)/Pods-Pokoro_Customer-checkManifestLockResult.txt",
			);
			runOnlyForDeploymentPostprocessing = 0;
			shellPath = /bin/sh;
			shellScript = "diff \"${PODS_PODFILE_DIR_PATH}/Podfile.lock\" \"${PODS_ROOT}/Manifest.lock\" > /dev/null\nif [ $? != 0 ] ; then\n    # print error to STDERR\n    echo \"error: The sandbox is not in sync with the Podfile.lock. Run 'pod install' or update your CocoaPods installation.\" >&2\n    exit 1\nfi\n# This output is used by Xcode 'outputs' to avoid re-running this script phase.\necho \"SUCCESS\" > \"${SCRIPT_OUTPUT_FILE_0}\"\n";
			showEnvVarsInLog = 0;
		};
/* End PBXShellScriptBuildPhase section */

/* Begin PBXSourcesBuildPhase section */
		B68FA4BD23A7D10200672E00 /* Sources */ = {
			isa = PBXSourcesBuildPhase;
			buildActionMask = 2147483647;
			files = (
				B6CF14B323ABD59300D330FD /* NetworkManager.swift in Sources */,
				B6500BC423AE220000D20BAB /* MediumLight.swift in Sources */,
				B68FA4C923A7D10200672E00 /* ViewController.swift in Sources */,
				B6CF149423ABD36000D330FD /* PKFonts.swift in Sources */,
				B66DE2B523C37C5D00BF6639 /* PKChatBubble.swift in Sources */,
				B66A3CF923AA982300916C95 /* LogEvent.swift in Sources */,
				B6659E0F23BF9517006E66E5 /* InboxNavigationViewController.swift in Sources */,
				B66A3D0023AA9B1A00916C95 /* ThemeManager.swift in Sources */,
				B66DE2C123C38ED000BF6639 /* ProfileHeaderTableViewCell.swift in Sources */,
				B6CF14B023ABD59300D330FD /* URLParametersEncoder.swift in Sources */,
				B6CF14B123ABD59300D330FD /* JSONParameterEncoder.swift in Sources */,
				B6500BC123AE220000D20BAB /* SmallRegular.swift in Sources */,
				B6EAC3C523B242BC0073D55F /* MainTabBarViewController.swift in Sources */,
				B6CF14B923ABD59300D330FD /* NetworkLogger.swift in Sources */,
				B6CF14BA23ABD59300D330FD /* EndPointType.swift in Sources */,
				B6CF14BC23ABD59300D330FD /* LoginBusinessModel.swift in Sources */,
				B6500BC323AE220000D20BAB /* LargeLight.swift in Sources */,
				B6E20BE423AE56F2003CD0E7 /* KeychainItem.swift in Sources */,
				B6CF14B523ABD59300D330FD /* NetworkRouter.swift in Sources */,
				B66A3CF823AA982300916C95 /* Logger.swift in Sources */,
				B6500BC223AE220000D20BAB /* MediumSB.swift in Sources */,
				B6F68BD023AE26E7002C2A81 /* UIView+SafeArea.swift in Sources */,
				B66DE2B823C3868100BF6639 /* ScannerViewController.swift in Sources */,
				B61EA9B423BA1E48001516D7 /* InboxViewController.swift in Sources */,
				B6EAC3CC23B250430073D55F /* DarkTheme.swift in Sources */,
				B66A3D0423AA9EDD00916C95 /* LightTheme.swift in Sources */,
				B68FA4C523A7D10200672E00 /* AppDelegate.swift in Sources */,
				B6CF14B223ABD59300D330FD /* NetworkError.swift in Sources */,
				B66A3D0223AA9E1900916C95 /* Colors.swift in Sources */,
				B655882523A7DA680056FD38 /* Coordinator.swift in Sources */,
				B655882323A7D7230056FD38 /* Routers.swift in Sources */,
				B6659E0D23BF93CA006E66E5 /* MessageViewController.swift in Sources */,
				B6CF14C223ACCDC800D330FD /* String+Regex.swift in Sources */,
				B655882123A7D6A00056FD38 /* SceneDelegateRouter.swift in Sources */,
				B6500BC523AE220000D20BAB /* LargeSB.swift in Sources */,
				B66DE2B323C37B5400BF6639 /* IncomingMessageTableViewCell.swift in Sources */,
				B68FA4C723A7D10200672E00 /* SceneDelegate.swift in Sources */,
				B66DE2C023C38ED000BF6639 /* ProfileActionTableViewCell.swift in Sources */,
				B655882A23A7DF650056FD38 /* AuthenticationCoordinator.swift in Sources */,
				B6CF14B623ABD59300D330FD /* HTTPTask.swift in Sources */,
				B61EA9B823BA227F001516D7 /* MessageTableViewCell.swift in Sources */,
				B6CF14B423ABD59300D330FD /* RKEndPoint.swift in Sources */,
				B66DE2B023C37B3A00BF6639 /* OutgoingMessageTableViewCell.swift in Sources */,
				B6500BBF23AE220000D20BAB /* SmallSB.swift in Sources */,
				B66DE2BB23C38D7900BF6639 /* ProfileViewController.swift in Sources */,
				B655882D23A7E0160056FD38 /* PKUserManager.swift in Sources */,
				B6CF14BB23ABD59300D330FD /* ErrorBusinessModel.swift in Sources */,
				B6A445F223C34C7600E64029 /* PKChatTextFieldView.swift in Sources */,
				B6CF14AF23ABD59300D330FD /* ParameterEncoding.swift in Sources */,
				B6500BC023AE220000D20BAB /* H1.swift in Sources */,
				B66A3CFB23AA987A00916C95 /* Date+toString.swift in Sources */,
				B6CF14B723ABD59300D330FD /* HTTPMethod.swift in Sources */,
				B6CF14B823ABD59300D330FD /* Router.swift in Sources */,
				B6500BBC23AE220000D20BAB /* LargeRegular.swift in Sources */,
				B6500BBE23AE220000D20BAB /* MediumRegular.swift in Sources */,
				B6CF14C323ACCDC800D330FD /* Formatter+ios8601.swift in Sources */,
				B655883023A7E0920056FD38 /* LoginViewController.swift in Sources */,
				B61EA9B123BA1A6D001516D7 /* PKNavBarView.swift in Sources */,
				B6500BBD23AE220000D20BAB /* H2.swift in Sources */,
				B6CF14C123ACCDC800D330FD /* Text+Localize.swift in Sources */,
				B655882823A7DC780056FD38 /* UIApplication+SwitchRoot.swift in Sources */,
				B66A3CFE23AA9ACA00916C95 /* Theme.swift in Sources */,
			);
			runOnlyForDeploymentPostprocessing = 0;
		};
/* End PBXSourcesBuildPhase section */

/* Begin PBXVariantGroup section */
		B68FA4CF23A7D10400672E00 /* LaunchScreen.storyboard */ = {
			isa = PBXVariantGroup;
			children = (
				B68FA4D023A7D10400672E00 /* Base */,
			);
			name = LaunchScreen.storyboard;
			sourceTree = "<group>";
		};
		B6CF14AC23ABD59300D330FD /* Localizable.strings */ = {
			isa = PBXVariantGroup;
			children = (
				B6CF14AD23ABD59300D330FD /* en */,
				B6CF14AE23ABD59300D330FD /* lt */,
			);
			name = Localizable.strings;
			sourceTree = "<group>";
		};
/* End PBXVariantGroup section */

/* Begin XCBuildConfiguration section */
		B68FA4D323A7D10400672E00 /* Debug */ = {
			isa = XCBuildConfiguration;
			buildSettings = {
				ALWAYS_SEARCH_USER_PATHS = NO;
				CLANG_ANALYZER_LOCALIZABILITY_NONLOCALIZED = YES;
				CLANG_ANALYZER_NONNULL = YES;
				CLANG_ANALYZER_NUMBER_OBJECT_CONVERSION = YES_AGGRESSIVE;
				CLANG_CXX_LANGUAGE_STANDARD = "gnu++14";
				CLANG_CXX_LIBRARY = "libc++";
				CLANG_ENABLE_MODULES = YES;
				CLANG_ENABLE_OBJC_ARC = YES;
				CLANG_ENABLE_OBJC_WEAK = YES;
				CLANG_WARN_BLOCK_CAPTURE_AUTORELEASING = YES;
				CLANG_WARN_BOOL_CONVERSION = YES;
				CLANG_WARN_COMMA = YES;
				CLANG_WARN_CONSTANT_CONVERSION = YES;
				CLANG_WARN_DEPRECATED_OBJC_IMPLEMENTATIONS = YES;
				CLANG_WARN_DIRECT_OBJC_ISA_USAGE = YES_ERROR;
				CLANG_WARN_DOCUMENTATION_COMMENTS = YES;
				CLANG_WARN_EMPTY_BODY = YES;
				CLANG_WARN_ENUM_CONVERSION = YES;
				CLANG_WARN_INFINITE_RECURSION = YES;
				CLANG_WARN_INT_CONVERSION = YES;
				CLANG_WARN_NON_LITERAL_NULL_CONVERSION = YES;
				CLANG_WARN_OBJC_IMPLICIT_RETAIN_SELF = YES;
				CLANG_WARN_OBJC_LITERAL_CONVERSION = YES;
				CLANG_WARN_OBJC_ROOT_CLASS = YES_ERROR;
				CLANG_WARN_RANGE_LOOP_ANALYSIS = YES;
				CLANG_WARN_STRICT_PROTOTYPES = YES;
				CLANG_WARN_SUSPICIOUS_MOVE = YES;
				CLANG_WARN_UNGUARDED_AVAILABILITY = YES_AGGRESSIVE;
				CLANG_WARN_UNREACHABLE_CODE = YES;
				CLANG_WARN__DUPLICATE_METHOD_MATCH = YES;
				COPY_PHASE_STRIP = NO;
				DEBUG_INFORMATION_FORMAT = dwarf;
				ENABLE_STRICT_OBJC_MSGSEND = YES;
				ENABLE_TESTABILITY = YES;
				GCC_C_LANGUAGE_STANDARD = gnu11;
				GCC_DYNAMIC_NO_PIC = NO;
				GCC_NO_COMMON_BLOCKS = YES;
				GCC_OPTIMIZATION_LEVEL = 0;
				GCC_PREPROCESSOR_DEFINITIONS = (
					"DEBUG=1",
					"$(inherited)",
				);
				GCC_WARN_64_TO_32_BIT_CONVERSION = YES;
				GCC_WARN_ABOUT_RETURN_TYPE = YES_ERROR;
				GCC_WARN_UNDECLARED_SELECTOR = YES;
				GCC_WARN_UNINITIALIZED_AUTOS = YES_AGGRESSIVE;
				GCC_WARN_UNUSED_FUNCTION = YES;
				GCC_WARN_UNUSED_VARIABLE = YES;
				IPHONEOS_DEPLOYMENT_TARGET = 13.2;
				MTL_ENABLE_DEBUG_INFO = INCLUDE_SOURCE;
				MTL_FAST_MATH = YES;
				ONLY_ACTIVE_ARCH = YES;
				SDKROOT = iphoneos;
				SWIFT_ACTIVE_COMPILATION_CONDITIONS = DEBUG;
				SWIFT_OPTIMIZATION_LEVEL = "-Onone";
			};
			name = Debug;
		};
		B68FA4D423A7D10400672E00 /* Release */ = {
			isa = XCBuildConfiguration;
			buildSettings = {
				ALWAYS_SEARCH_USER_PATHS = NO;
				CLANG_ANALYZER_LOCALIZABILITY_NONLOCALIZED = YES;
				CLANG_ANALYZER_NONNULL = YES;
				CLANG_ANALYZER_NUMBER_OBJECT_CONVERSION = YES_AGGRESSIVE;
				CLANG_CXX_LANGUAGE_STANDARD = "gnu++14";
				CLANG_CXX_LIBRARY = "libc++";
				CLANG_ENABLE_MODULES = YES;
				CLANG_ENABLE_OBJC_ARC = YES;
				CLANG_ENABLE_OBJC_WEAK = YES;
				CLANG_WARN_BLOCK_CAPTURE_AUTORELEASING = YES;
				CLANG_WARN_BOOL_CONVERSION = YES;
				CLANG_WARN_COMMA = YES;
				CLANG_WARN_CONSTANT_CONVERSION = YES;
				CLANG_WARN_DEPRECATED_OBJC_IMPLEMENTATIONS = YES;
				CLANG_WARN_DIRECT_OBJC_ISA_USAGE = YES_ERROR;
				CLANG_WARN_DOCUMENTATION_COMMENTS = YES;
				CLANG_WARN_EMPTY_BODY = YES;
				CLANG_WARN_ENUM_CONVERSION = YES;
				CLANG_WARN_INFINITE_RECURSION = YES;
				CLANG_WARN_INT_CONVERSION = YES;
				CLANG_WARN_NON_LITERAL_NULL_CONVERSION = YES;
				CLANG_WARN_OBJC_IMPLICIT_RETAIN_SELF = YES;
				CLANG_WARN_OBJC_LITERAL_CONVERSION = YES;
				CLANG_WARN_OBJC_ROOT_CLASS = YES_ERROR;
				CLANG_WARN_RANGE_LOOP_ANALYSIS = YES;
				CLANG_WARN_STRICT_PROTOTYPES = YES;
				CLANG_WARN_SUSPICIOUS_MOVE = YES;
				CLANG_WARN_UNGUARDED_AVAILABILITY = YES_AGGRESSIVE;
				CLANG_WARN_UNREACHABLE_CODE = YES;
				CLANG_WARN__DUPLICATE_METHOD_MATCH = YES;
				COPY_PHASE_STRIP = NO;
				DEBUG_INFORMATION_FORMAT = "dwarf-with-dsym";
				ENABLE_NS_ASSERTIONS = NO;
				ENABLE_STRICT_OBJC_MSGSEND = YES;
				GCC_C_LANGUAGE_STANDARD = gnu11;
				GCC_NO_COMMON_BLOCKS = YES;
				GCC_WARN_64_TO_32_BIT_CONVERSION = YES;
				GCC_WARN_ABOUT_RETURN_TYPE = YES_ERROR;
				GCC_WARN_UNDECLARED_SELECTOR = YES;
				GCC_WARN_UNINITIALIZED_AUTOS = YES_AGGRESSIVE;
				GCC_WARN_UNUSED_FUNCTION = YES;
				GCC_WARN_UNUSED_VARIABLE = YES;
				IPHONEOS_DEPLOYMENT_TARGET = 13.2;
				MTL_ENABLE_DEBUG_INFO = NO;
				MTL_FAST_MATH = YES;
				SDKROOT = iphoneos;
				SWIFT_COMPILATION_MODE = wholemodule;
				SWIFT_OPTIMIZATION_LEVEL = "-O";
				VALIDATE_PRODUCT = YES;
			};
			name = Release;
		};
		B68FA4D623A7D10400672E00 /* Debug */ = {
			isa = XCBuildConfiguration;
			baseConfigurationReference = 1D4DE833D26DD341D674456F /* Pods-Pokoro_Customer.debug.xcconfig */;
			buildSettings = {
				ASSETCATALOG_COMPILER_APPICON_NAME = AppIcon;
				CODE_SIGN_ENTITLEMENTS = Pokoro_Customer/Pokoro.entitlements;
				CODE_SIGN_STYLE = Automatic;
				DEVELOPMENT_TEAM = Z55ZH6XK8Y;
				INFOPLIST_FILE = "Pokoro_Customer/Supporting Files/Info.plist";
				LD_RUNPATH_SEARCH_PATHS = (
					"$(inherited)",
					"@executable_path/Frameworks",
				);
				PRODUCT_BUNDLE_IDENTIFIER = com.pokoro.app;
				PRODUCT_NAME = Pokoro;
				SWIFT_VERSION = 5.0;
				TARGETED_DEVICE_FAMILY = 1;
			};
			name = Debug;
		};
		B68FA4D723A7D10400672E00 /* Release */ = {
			isa = XCBuildConfiguration;
			baseConfigurationReference = 90C0B15D1D4EC7026B2236F8 /* Pods-Pokoro_Customer.release.xcconfig */;
			buildSettings = {
				ASSETCATALOG_COMPILER_APPICON_NAME = AppIcon;
				CODE_SIGN_ENTITLEMENTS = Pokoro_Customer/Pokoro.entitlements;
				CODE_SIGN_STYLE = Automatic;
				DEVELOPMENT_TEAM = Z55ZH6XK8Y;
				INFOPLIST_FILE = "Pokoro_Customer/Supporting Files/Info.plist";
				LD_RUNPATH_SEARCH_PATHS = (
					"$(inherited)",
					"@executable_path/Frameworks",
				);
				PRODUCT_BUNDLE_IDENTIFIER = com.pokoro.app;
				PRODUCT_NAME = Pokoro;
				SWIFT_VERSION = 5.0;
				TARGETED_DEVICE_FAMILY = 1;
			};
			name = Release;
		};
/* End XCBuildConfiguration section */

/* Begin XCConfigurationList section */
		B68FA4BC23A7D10200672E00 /* Build configuration list for PBXProject "Pokoro_Customer" */ = {
			isa = XCConfigurationList;
			buildConfigurations = (
				B68FA4D323A7D10400672E00 /* Debug */,
				B68FA4D423A7D10400672E00 /* Release */,
			);
			defaultConfigurationIsVisible = 0;
			defaultConfigurationName = Release;
		};
		B68FA4D523A7D10400672E00 /* Build configuration list for PBXNativeTarget "Pokoro_Customer" */ = {
			isa = XCConfigurationList;
			buildConfigurations = (
				B68FA4D623A7D10400672E00 /* Debug */,
				B68FA4D723A7D10400672E00 /* Release */,
			);
			defaultConfigurationIsVisible = 0;
			defaultConfigurationName = Release;
		};
/* End XCConfigurationList section */
	};
	rootObject = B68FA4B923A7D10200672E00 /* Project object */;
}
